{
  "requires": true,
  "lockfileVersion": 1,
  "dependencies": {
    "songhay": {
      "version": "0.1.15",
      "resolved": "https://registry.npmjs.org/songhay/-/songhay-0.1.15.tgz",
      "integrity": "sha512-5pNV0UgBUrWuMHYE3ByfmQNED8u8/kY8GZMaT93lynsqciqWWGiH2oCYCUYzfmlLVjFlAef+UpmFZKy3vEH/Kw=="
    }
  }
}
