
Microsoft Visual Studio Solution File, Format Version 12.00
# Visual Studio Version 17
VisualStudioVersion = 17.0.31903.59
MinimumVisualStudioVersion = 10.0.40219.1
Project("{F2A71F9B-5D33-465A-A702-920D77279786}") = "Songhay.Dashboard.Server", "Songhay.Dashboard.Server\Songhay.Dashboard.Server.fsproj", "{43CA6B6A-4080-4148-9276-3DBE10EA2571}"
EndProject
Project("{F2A71F9B-5D33-465A-A702-920D77279786}") = "Songhay.Dashboard.Client", "Songhay.Dashboard.Client\Songhay.Dashboard.Client.fsproj", "{C615F231-554F-4D69-BB8B-8B34A9FEFB8D}"
EndProject
Project("{F2A71F9B-5D33-465A-A702-920D77279786}") = "Songhay.Dashboard", "Songhay.Dashboard\Songhay.Dashboard.fsproj", "{2EC1640C-71B3-42A5-83A2-9B689C5E6722}"
EndProject
Project("{F2A71F9B-5D33-465A-A702-920D77279786}") = "Songhay.Dashboard.Tests", "Songhay.Dashboard.Tests\Songhay.Dashboard.Tests.fsproj", "{660FF9F8-03E5-41DC-A7B5-412A335ADFA0}"
EndProject
Project("{F2A71F9B-5D33-465A-A702-920D77279786}") = "Songhay.Dashboard.Server.Tests", "Songhay.Dashboard.Server.Tests\Songhay.Dashboard.Server.Tests.fsproj", "{0982C614-7BE8-4A84-B209-D1CBEAA0870B}"
EndProject
Global
	GlobalSection(SolutionConfigurationPlatforms) = preSolution
		Debug|Any CPU = Debug|Any CPU
		Release|Any CPU = Release|Any CPU
	EndGlobalSection
	GlobalSection(SolutionProperties) = preSolution
		HideSolutionNode = FALSE
	EndGlobalSection
	GlobalSection(ProjectConfigurationPlatforms) = postSolution
		{43CA6B6A-4080-4148-9276-3DBE10EA2571}.Debug|Any CPU.ActiveCfg = Debug|Any CPU
		{43CA6B6A-4080-4148-9276-3DBE10EA2571}.Debug|Any CPU.Build.0 = Debug|Any CPU
		{43CA6B6A-4080-4148-9276-3DBE10EA2571}.Release|Any CPU.ActiveCfg = Release|Any CPU
		{43CA6B6A-4080-4148-9276-3DBE10EA2571}.Release|Any CPU.Build.0 = Release|Any CPU
		{C615F231-554F-4D69-BB8B-8B34A9FEFB8D}.Debug|Any CPU.ActiveCfg = Debug|Any CPU
		{C615F231-554F-4D69-BB8B-8B34A9FEFB8D}.Debug|Any CPU.Build.0 = Debug|Any CPU
		{C615F231-554F-4D69-BB8B-8B34A9FEFB8D}.Release|Any CPU.ActiveCfg = Release|Any CPU
		{C615F231-554F-4D69-BB8B-8B34A9FEFB8D}.Release|Any CPU.Build.0 = Release|Any CPU
		{2EC1640C-71B3-42A5-83A2-9B689C5E6722}.Debug|Any CPU.ActiveCfg = Debug|Any CPU
		{2EC1640C-71B3-42A5-83A2-9B689C5E6722}.Debug|Any CPU.Build.0 = Debug|Any CPU
		{2EC1640C-71B3-42A5-83A2-9B689C5E6722}.Release|Any CPU.ActiveCfg = Release|Any CPU
		{2EC1640C-71B3-42A5-83A2-9B689C5E6722}.Release|Any CPU.Build.0 = Release|Any CPU
		{660FF9F8-03E5-41DC-A7B5-412A335ADFA0}.Debug|Any CPU.ActiveCfg = Debug|Any CPU
		{660FF9F8-03E5-41DC-A7B5-412A335ADFA0}.Debug|Any CPU.Build.0 = Debug|Any CPU
		{660FF9F8-03E5-41DC-A7B5-412A335ADFA0}.Release|Any CPU.ActiveCfg = Release|Any CPU
		{660FF9F8-03E5-41DC-A7B5-412A335ADFA0}.Release|Any CPU.Build.0 = Release|Any CPU
		{0982C614-7BE8-4A84-B209-D1CBEAA0870B}.Debug|Any CPU.ActiveCfg = Debug|Any CPU
		{0982C614-7BE8-4A84-B209-D1CBEAA0870B}.Debug|Any CPU.Build.0 = Debug|Any CPU
		{0982C614-7BE8-4A84-B209-D1CBEAA0870B}.Release|Any CPU.ActiveCfg = Release|Any CPU
		{0982C614-7BE8-4A84-B209-D1CBEAA0870B}.Release|Any CPU.Build.0 = Release|Any CPU
	EndGlobalSection
EndGlobal
