
Microsoft Visual Studio Solution File, Format Version 12.00
# Visual Studio Version 16
VisualStudioVersion = 16.0.28803.452
MinimumVisualStudioVersion = 15.0.26124.0
Project("{F2A71F9B-5D33-465A-A702-920D77279786}") = "Songhay.Dashboard.Client", "Songhay.Dashboard.Client\Songhay.Dashboard.Client.fsproj", "{916F12C4-1755-4ED9-BC00-91CEC5694A9D}"
EndProject
Project("{F2A71F9B-5D33-465A-A702-920D77279786}") = "Songhay.Dashboard.Server", "Songhay.Dashboard.Server\Songhay.Dashboard.Server.fsproj", "{F33CA3ED-6D8C-499F-8C7E-5CB8388E3748}"
EndProject
Project("{F2A71F9B-5D33-465A-A702-920D77279786}") = "Songhay.Dashboard.Server.Tests", "Songhay.Dashboard.Server.Tests\Songhay.Dashboard.Server.Tests.fsproj", "{4C88F9E9-EB63-4AD4-B497-292272B2377E}"
EndProject
Project("{F2A71F9B-5D33-465A-A702-920D77279786}") = "Songhay.Player.YouTube", "Songhay.Player.YouTube\Songhay.Player.YouTube.fsproj", "{4A5426BA-F8C4-4883-8D05-05772FE0F653}"
EndProject
Project("{F2A71F9B-5D33-465A-A702-920D77279786}") = "Songhay.Modules.Bolero", "Songhay.Modules.Bolero\Songhay.Modules.Bolero.fsproj", "{2D68D281-C6ED-4C4A-A44A-3B0DF4505058}"
EndProject
Project("{F2A71F9B-5D33-465A-A702-920D77279786}") = "Songhay.Dashboard", "Songhay.Dashboard\Songhay.Dashboard.fsproj", "{2FB65540-00EC-4E77-ACAB-3725F72E005C}"
EndProject
Project("{F2A71F9B-5D33-465A-A702-920D77279786}") = "Songhay.Dashboard.Tests", "Songhay.Dashboard.Tests\Songhay.Dashboard.Tests.fsproj", "{3551278A-E2BF-44F3-9A96-39417D5EB6AA}"
EndProject
Project("{F2A71F9B-5D33-465A-A702-920D77279786}") = "Songhay.Player.YouTube.Tests", "Songhay.Player.YouTube.Tests\Songhay.Player.YouTube.Tests.fsproj", "{730DA9C2-851D-41D6-A679-8B871D7BB4A0}"
EndProject
Project("{F2A71F9B-5D33-465A-A702-920D77279786}") = "Songhay.Modules.Publications", "Songhay.Modules.Publications\Songhay.Modules.Publications.fsproj", "{3E3DF740-3ACE-46A6-9D0D-C9CC419DCE66}"
EndProject
Project("{F2A71F9B-5D33-465A-A702-920D77279786}") = "Songhay.Modules.Publications.Tests", "Songhay.Modules.Publications.Tests\Songhay.Modules.Publications.Tests.fsproj", "{CA0C427C-A4C4-4820-99F2-32137E41BD38}"
EndProject
Global
	GlobalSection(SolutionConfigurationPlatforms) = preSolution
		Debug|Any CPU = Debug|Any CPU
		Debug|x64 = Debug|x64
		Debug|x86 = Debug|x86
		Release|Any CPU = Release|Any CPU
		Release|x64 = Release|x64
		Release|x86 = Release|x86
	EndGlobalSection
	GlobalSection(ProjectConfigurationPlatforms) = postSolution
		{916F12C4-1755-4ED9-BC00-91CEC5694A9D}.Debug|Any CPU.ActiveCfg = Debug|Any CPU
		{916F12C4-1755-4ED9-BC00-91CEC5694A9D}.Debug|Any CPU.Build.0 = Debug|Any CPU
		{916F12C4-1755-4ED9-BC00-91CEC5694A9D}.Debug|x64.ActiveCfg = Debug|Any CPU
		{916F12C4-1755-4ED9-BC00-91CEC5694A9D}.Debug|x64.Build.0 = Debug|Any CPU
		{916F12C4-1755-4ED9-BC00-91CEC5694A9D}.Debug|x86.ActiveCfg = Debug|Any CPU
		{916F12C4-1755-4ED9-BC00-91CEC5694A9D}.Debug|x86.Build.0 = Debug|Any CPU
		{916F12C4-1755-4ED9-BC00-91CEC5694A9D}.Release|Any CPU.ActiveCfg = Release|Any CPU
		{916F12C4-1755-4ED9-BC00-91CEC5694A9D}.Release|Any CPU.Build.0 = Release|Any CPU
		{916F12C4-1755-4ED9-BC00-91CEC5694A9D}.Release|x64.ActiveCfg = Release|Any CPU
		{916F12C4-1755-4ED9-BC00-91CEC5694A9D}.Release|x64.Build.0 = Release|Any CPU
		{916F12C4-1755-4ED9-BC00-91CEC5694A9D}.Release|x86.ActiveCfg = Release|Any CPU
		{916F12C4-1755-4ED9-BC00-91CEC5694A9D}.Release|x86.Build.0 = Release|Any CPU
		{F33CA3ED-6D8C-499F-8C7E-5CB8388E3748}.Debug|Any CPU.ActiveCfg = Debug|Any CPU
		{F33CA3ED-6D8C-499F-8C7E-5CB8388E3748}.Debug|Any CPU.Build.0 = Debug|Any CPU
		{F33CA3ED-6D8C-499F-8C7E-5CB8388E3748}.Debug|x64.ActiveCfg = Debug|Any CPU
		{F33CA3ED-6D8C-499F-8C7E-5CB8388E3748}.Debug|x64.Build.0 = Debug|Any CPU
		{F33CA3ED-6D8C-499F-8C7E-5CB8388E3748}.Debug|x86.ActiveCfg = Debug|Any CPU
		{F33CA3ED-6D8C-499F-8C7E-5CB8388E3748}.Debug|x86.Build.0 = Debug|Any CPU
		{F33CA3ED-6D8C-499F-8C7E-5CB8388E3748}.Release|Any CPU.ActiveCfg = Release|Any CPU
		{F33CA3ED-6D8C-499F-8C7E-5CB8388E3748}.Release|Any CPU.Build.0 = Release|Any CPU
		{F33CA3ED-6D8C-499F-8C7E-5CB8388E3748}.Release|x64.ActiveCfg = Release|Any CPU
		{F33CA3ED-6D8C-499F-8C7E-5CB8388E3748}.Release|x64.Build.0 = Release|Any CPU
		{F33CA3ED-6D8C-499F-8C7E-5CB8388E3748}.Release|x86.ActiveCfg = Release|Any CPU
		{F33CA3ED-6D8C-499F-8C7E-5CB8388E3748}.Release|x86.Build.0 = Release|Any CPU
		{4C88F9E9-EB63-4AD4-B497-292272B2377E}.Debug|Any CPU.ActiveCfg = Debug|Any CPU
		{4C88F9E9-EB63-4AD4-B497-292272B2377E}.Debug|Any CPU.Build.0 = Debug|Any CPU
		{4C88F9E9-EB63-4AD4-B497-292272B2377E}.Debug|x64.ActiveCfg = Debug|Any CPU
		{4C88F9E9-EB63-4AD4-B497-292272B2377E}.Debug|x64.Build.0 = Debug|Any CPU
		{4C88F9E9-EB63-4AD4-B497-292272B2377E}.Debug|x86.ActiveCfg = Debug|Any CPU
		{4C88F9E9-EB63-4AD4-B497-292272B2377E}.Debug|x86.Build.0 = Debug|Any CPU
		{4C88F9E9-EB63-4AD4-B497-292272B2377E}.Release|Any CPU.ActiveCfg = Release|Any CPU
		{4C88F9E9-EB63-4AD4-B497-292272B2377E}.Release|Any CPU.Build.0 = Release|Any CPU
		{4C88F9E9-EB63-4AD4-B497-292272B2377E}.Release|x64.ActiveCfg = Release|Any CPU
		{4C88F9E9-EB63-4AD4-B497-292272B2377E}.Release|x64.Build.0 = Release|Any CPU
		{4C88F9E9-EB63-4AD4-B497-292272B2377E}.Release|x86.ActiveCfg = Release|Any CPU
		{4C88F9E9-EB63-4AD4-B497-292272B2377E}.Release|x86.Build.0 = Release|Any CPU
		{4A5426BA-F8C4-4883-8D05-05772FE0F653}.Debug|Any CPU.ActiveCfg = Debug|Any CPU
		{4A5426BA-F8C4-4883-8D05-05772FE0F653}.Debug|Any CPU.Build.0 = Debug|Any CPU
		{4A5426BA-F8C4-4883-8D05-05772FE0F653}.Debug|x64.ActiveCfg = Debug|Any CPU
		{4A5426BA-F8C4-4883-8D05-05772FE0F653}.Debug|x64.Build.0 = Debug|Any CPU
		{4A5426BA-F8C4-4883-8D05-05772FE0F653}.Debug|x86.ActiveCfg = Debug|Any CPU
		{4A5426BA-F8C4-4883-8D05-05772FE0F653}.Debug|x86.Build.0 = Debug|Any CPU
		{4A5426BA-F8C4-4883-8D05-05772FE0F653}.Release|Any CPU.ActiveCfg = Release|Any CPU
		{4A5426BA-F8C4-4883-8D05-05772FE0F653}.Release|Any CPU.Build.0 = Release|Any CPU
		{4A5426BA-F8C4-4883-8D05-05772FE0F653}.Release|x64.ActiveCfg = Release|Any CPU
		{4A5426BA-F8C4-4883-8D05-05772FE0F653}.Release|x64.Build.0 = Release|Any CPU
		{4A5426BA-F8C4-4883-8D05-05772FE0F653}.Release|x86.ActiveCfg = Release|Any CPU
		{4A5426BA-F8C4-4883-8D05-05772FE0F653}.Release|x86.Build.0 = Release|Any CPU
		{2D68D281-C6ED-4C4A-A44A-3B0DF4505058}.Debug|Any CPU.ActiveCfg = Debug|Any CPU
		{2D68D281-C6ED-4C4A-A44A-3B0DF4505058}.Debug|Any CPU.Build.0 = Debug|Any CPU
		{2D68D281-C6ED-4C4A-A44A-3B0DF4505058}.Debug|x64.ActiveCfg = Debug|Any CPU
		{2D68D281-C6ED-4C4A-A44A-3B0DF4505058}.Debug|x64.Build.0 = Debug|Any CPU
		{2D68D281-C6ED-4C4A-A44A-3B0DF4505058}.Debug|x86.ActiveCfg = Debug|Any CPU
		{2D68D281-C6ED-4C4A-A44A-3B0DF4505058}.Debug|x86.Build.0 = Debug|Any CPU
		{2D68D281-C6ED-4C4A-A44A-3B0DF4505058}.Release|Any CPU.ActiveCfg = Release|Any CPU
		{2D68D281-C6ED-4C4A-A44A-3B0DF4505058}.Release|Any CPU.Build.0 = Release|Any CPU
		{2D68D281-C6ED-4C4A-A44A-3B0DF4505058}.Release|x64.ActiveCfg = Release|Any CPU
		{2D68D281-C6ED-4C4A-A44A-3B0DF4505058}.Release|x64.Build.0 = Release|Any CPU
		{2D68D281-C6ED-4C4A-A44A-3B0DF4505058}.Release|x86.ActiveCfg = Release|Any CPU
		{2D68D281-C6ED-4C4A-A44A-3B0DF4505058}.Release|x86.Build.0 = Release|Any CPU
		{2FB65540-00EC-4E77-ACAB-3725F72E005C}.Debug|Any CPU.ActiveCfg = Debug|Any CPU
		{2FB65540-00EC-4E77-ACAB-3725F72E005C}.Debug|Any CPU.Build.0 = Debug|Any CPU
		{2FB65540-00EC-4E77-ACAB-3725F72E005C}.Debug|x64.ActiveCfg = Debug|Any CPU
		{2FB65540-00EC-4E77-ACAB-3725F72E005C}.Debug|x64.Build.0 = Debug|Any CPU
		{2FB65540-00EC-4E77-ACAB-3725F72E005C}.Debug|x86.ActiveCfg = Debug|Any CPU
		{2FB65540-00EC-4E77-ACAB-3725F72E005C}.Debug|x86.Build.0 = Debug|Any CPU
		{2FB65540-00EC-4E77-ACAB-3725F72E005C}.Release|Any CPU.ActiveCfg = Release|Any CPU
		{2FB65540-00EC-4E77-ACAB-3725F72E005C}.Release|Any CPU.Build.0 = Release|Any CPU
		{2FB65540-00EC-4E77-ACAB-3725F72E005C}.Release|x64.ActiveCfg = Release|Any CPU
		{2FB65540-00EC-4E77-ACAB-3725F72E005C}.Release|x64.Build.0 = Release|Any CPU
		{2FB65540-00EC-4E77-ACAB-3725F72E005C}.Release|x86.ActiveCfg = Release|Any CPU
		{2FB65540-00EC-4E77-ACAB-3725F72E005C}.Release|x86.Build.0 = Release|Any CPU
		{3551278A-E2BF-44F3-9A96-39417D5EB6AA}.Debug|Any CPU.ActiveCfg = Debug|Any CPU
		{3551278A-E2BF-44F3-9A96-39417D5EB6AA}.Debug|Any CPU.Build.0 = Debug|Any CPU
		{3551278A-E2BF-44F3-9A96-39417D5EB6AA}.Debug|x64.ActiveCfg = Debug|Any CPU
		{3551278A-E2BF-44F3-9A96-39417D5EB6AA}.Debug|x64.Build.0 = Debug|Any CPU
		{3551278A-E2BF-44F3-9A96-39417D5EB6AA}.Debug|x86.ActiveCfg = Debug|Any CPU
		{3551278A-E2BF-44F3-9A96-39417D5EB6AA}.Debug|x86.Build.0 = Debug|Any CPU
		{3551278A-E2BF-44F3-9A96-39417D5EB6AA}.Release|Any CPU.ActiveCfg = Release|Any CPU
		{3551278A-E2BF-44F3-9A96-39417D5EB6AA}.Release|Any CPU.Build.0 = Release|Any CPU
		{3551278A-E2BF-44F3-9A96-39417D5EB6AA}.Release|x64.ActiveCfg = Release|Any CPU
		{3551278A-E2BF-44F3-9A96-39417D5EB6AA}.Release|x64.Build.0 = Release|Any CPU
		{3551278A-E2BF-44F3-9A96-39417D5EB6AA}.Release|x86.ActiveCfg = Release|Any CPU
		{3551278A-E2BF-44F3-9A96-39417D5EB6AA}.Release|x86.Build.0 = Release|Any CPU
		{730DA9C2-851D-41D6-A679-8B871D7BB4A0}.Debug|Any CPU.ActiveCfg = Debug|Any CPU
		{730DA9C2-851D-41D6-A679-8B871D7BB4A0}.Debug|Any CPU.Build.0 = Debug|Any CPU
		{730DA9C2-851D-41D6-A679-8B871D7BB4A0}.Debug|x64.ActiveCfg = Debug|Any CPU
		{730DA9C2-851D-41D6-A679-8B871D7BB4A0}.Debug|x64.Build.0 = Debug|Any CPU
		{730DA9C2-851D-41D6-A679-8B871D7BB4A0}.Debug|x86.ActiveCfg = Debug|Any CPU
		{730DA9C2-851D-41D6-A679-8B871D7BB4A0}.Debug|x86.Build.0 = Debug|Any CPU
		{730DA9C2-851D-41D6-A679-8B871D7BB4A0}.Release|Any CPU.ActiveCfg = Release|Any CPU
		{730DA9C2-851D-41D6-A679-8B871D7BB4A0}.Release|Any CPU.Build.0 = Release|Any CPU
		{730DA9C2-851D-41D6-A679-8B871D7BB4A0}.Release|x64.ActiveCfg = Release|Any CPU
		{730DA9C2-851D-41D6-A679-8B871D7BB4A0}.Release|x64.Build.0 = Release|Any CPU
		{730DA9C2-851D-41D6-A679-8B871D7BB4A0}.Release|x86.ActiveCfg = Release|Any CPU
		{730DA9C2-851D-41D6-A679-8B871D7BB4A0}.Release|x86.Build.0 = Release|Any CPU
		{3E3DF740-3ACE-46A6-9D0D-C9CC419DCE66}.Debug|Any CPU.ActiveCfg = Debug|Any CPU
		{3E3DF740-3ACE-46A6-9D0D-C9CC419DCE66}.Debug|Any CPU.Build.0 = Debug|Any CPU
		{3E3DF740-3ACE-46A6-9D0D-C9CC419DCE66}.Debug|x64.ActiveCfg = Debug|Any CPU
		{3E3DF740-3ACE-46A6-9D0D-C9CC419DCE66}.Debug|x64.Build.0 = Debug|Any CPU
		{3E3DF740-3ACE-46A6-9D0D-C9CC419DCE66}.Debug|x86.ActiveCfg = Debug|Any CPU
		{3E3DF740-3ACE-46A6-9D0D-C9CC419DCE66}.Debug|x86.Build.0 = Debug|Any CPU
		{3E3DF740-3ACE-46A6-9D0D-C9CC419DCE66}.Release|Any CPU.ActiveCfg = Release|Any CPU
		{3E3DF740-3ACE-46A6-9D0D-C9CC419DCE66}.Release|Any CPU.Build.0 = Release|Any CPU
		{3E3DF740-3ACE-46A6-9D0D-C9CC419DCE66}.Release|x64.ActiveCfg = Release|Any CPU
		{3E3DF740-3ACE-46A6-9D0D-C9CC419DCE66}.Release|x64.Build.0 = Release|Any CPU
		{3E3DF740-3ACE-46A6-9D0D-C9CC419DCE66}.Release|x86.ActiveCfg = Release|Any CPU
		{3E3DF740-3ACE-46A6-9D0D-C9CC419DCE66}.Release|x86.Build.0 = Release|Any CPU
		{CA0C427C-A4C4-4820-99F2-32137E41BD38}.Debug|Any CPU.ActiveCfg = Debug|Any CPU
		{CA0C427C-A4C4-4820-99F2-32137E41BD38}.Debug|Any CPU.Build.0 = Debug|Any CPU
		{CA0C427C-A4C4-4820-99F2-32137E41BD38}.Debug|x64.ActiveCfg = Debug|Any CPU
		{CA0C427C-A4C4-4820-99F2-32137E41BD38}.Debug|x64.Build.0 = Debug|Any CPU
		{CA0C427C-A4C4-4820-99F2-32137E41BD38}.Debug|x86.ActiveCfg = Debug|Any CPU
		{CA0C427C-A4C4-4820-99F2-32137E41BD38}.Debug|x86.Build.0 = Debug|Any CPU
		{CA0C427C-A4C4-4820-99F2-32137E41BD38}.Release|Any CPU.ActiveCfg = Release|Any CPU
		{CA0C427C-A4C4-4820-99F2-32137E41BD38}.Release|Any CPU.Build.0 = Release|Any CPU
		{CA0C427C-A4C4-4820-99F2-32137E41BD38}.Release|x64.ActiveCfg = Release|Any CPU
		{CA0C427C-A4C4-4820-99F2-32137E41BD38}.Release|x64.Build.0 = Release|Any CPU
		{CA0C427C-A4C4-4820-99F2-32137E41BD38}.Release|x86.ActiveCfg = Release|Any CPU
		{CA0C427C-A4C4-4820-99F2-32137E41BD38}.Release|x86.Build.0 = Release|Any CPU
	EndGlobalSection
	GlobalSection(SolutionProperties) = preSolution
		HideSolutionNode = FALSE
	EndGlobalSection
	GlobalSection(ExtensibilityGlobals) = postSolution
		SolutionGuid = {1C38E495-CFCD-497C-8883-A299A9996073}
	EndGlobalSection
EndGlobal
